{
  "requires": true,
  "lockfileVersion": 1,
  "dependencies": {
    "is-email-node": {
      "version": "2.0.0",
      "resolved": "https://registry.npmjs.org/is-email-node/-/is-email-node-2.0.0.tgz",
      "integrity": "sha512-rAwMyNIYwVjjkYVSVP9F49dLumV5WIlCLTTuUqBZOVsm8kC8QiQBXQZppV2KtuZa4v711QD0w8or0kAW3l9BhA=="
    }
  }
}
